
Microsoft Visual Studio Solution File, Format Version 12.00
# Visual Studio Version 16
VisualStudioVersion = 16.0.29201.188
MinimumVisualStudioVersion = 10.0.40219.1
Project("{FAE04EC0-301F-11D3-BF4B-00C04F79EFBC}") = "elevregwpf", "elevregwpf\elevregwpf.csproj", "{0BCA4CFC-F5FB-4DEC-804E-11F28107638E}"
EndProject
Global
	GlobalSection(SolutionConfigurationPlatforms) = preSolution
		Debug|Any CPU = Debug|Any CPU
		Release|Any CPU = Release|Any CPU
	EndGlobalSection
	GlobalSection(ProjectConfigurationPlatforms) = postSolution
		{0BCA4CFC-F5FB-4DEC-804E-11F28107638E}.Debug|Any CPU.ActiveCfg = Debug|Any CPU
		{0BCA4CFC-F5FB-4DEC-804E-11F28107638E}.Debug|Any CPU.Build.0 = Debug|Any CPU
		{0BCA4CFC-F5FB-4DEC-804E-11F28107638E}.Release|Any CPU.ActiveCfg = Release|Any CPU
		{0BCA4CFC-F5FB-4DEC-804E-11F28107638E}.Release|Any CPU.Build.0 = Release|Any CPU
	EndGlobalSection
	GlobalSection(SolutionProperties) = preSolution
		HideSolutionNode = FALSE
	EndGlobalSection
	GlobalSection(ExtensibilityGlobals) = postSolution
		SolutionGuid = {4FF4C5B6-1B05-43EA-BFE3-7C510E86CC46}
	EndGlobalSection
EndGlobal
